
Microsoft Visual Studio Solution File, Format Version 12.00
# Visual Studio 15
VisualStudioVersion = 15.0.28307.1259
MinimumVisualStudioVersion = 10.0.40219.1
Project("{FAE04EC0-301F-11D3-BF4B-00C04F79EFBC}") = "Convertisseur_MVC", "Convertisseur_MVC\Convertisseur_MVC.csproj", "{1F50C167-463E-4640-B12B-DA83CA6156AA}"
EndProject
Global
	GlobalSection(SolutionConfigurationPlatforms) = preSolution
		Debug|Any CPU = Debug|Any CPU
		Release|Any CPU = Release|Any CPU
	EndGlobalSection
	GlobalSection(ProjectConfigurationPlatforms) = postSolution
		{1F50C167-463E-4640-B12B-DA83CA6156AA}.Debug|Any CPU.ActiveCfg = Debug|Any CPU
		{1F50C167-463E-4640-B12B-DA83CA6156AA}.Debug|Any CPU.Build.0 = Debug|Any CPU
		{1F50C167-463E-4640-B12B-DA83CA6156AA}.Release|Any CPU.ActiveCfg = Release|Any CPU
		{1F50C167-463E-4640-B12B-DA83CA6156AA}.Release|Any CPU.Build.0 = Release|Any CPU
	EndGlobalSection
	GlobalSection(SolutionProperties) = preSolution
		HideSolutionNode = FALSE
	EndGlobalSection
	GlobalSection(ExtensibilityGlobals) = postSolution
		SolutionGuid = {179D1E9F-DF1C-4B95-B8D2-BC36DCEA67BD}
	EndGlobalSection
EndGlobal
