
Microsoft Visual Studio Solution File, Format Version 12.00
# Visual Studio 15
VisualStudioVersion = 15.0.28307.1259
MinimumVisualStudioVersion = 10.0.40219.1
Project("{FAE04EC0-301F-11D3-BF4B-00C04F79EFBC}") = "WFJeuDeNim", "WFJeuDeNim\WFJeuDeNim.csproj", "{7A1B2261-1D3E-4961-86D4-0FB71AF65088}"
EndProject
Global
	GlobalSection(SolutionConfigurationPlatforms) = preSolution
		Debug|Any CPU = Debug|Any CPU
		Release|Any CPU = Release|Any CPU
	EndGlobalSection
	GlobalSection(ProjectConfigurationPlatforms) = postSolution
		{7A1B2261-1D3E-4961-86D4-0FB71AF65088}.Debug|Any CPU.ActiveCfg = Debug|Any CPU
		{7A1B2261-1D3E-4961-86D4-0FB71AF65088}.Debug|Any CPU.Build.0 = Debug|Any CPU
		{7A1B2261-1D3E-4961-86D4-0FB71AF65088}.Release|Any CPU.ActiveCfg = Release|Any CPU
		{7A1B2261-1D3E-4961-86D4-0FB71AF65088}.Release|Any CPU.Build.0 = Release|Any CPU
	EndGlobalSection
	GlobalSection(SolutionProperties) = preSolution
		HideSolutionNode = FALSE
	EndGlobalSection
	GlobalSection(ExtensibilityGlobals) = postSolution
		SolutionGuid = {8920929B-C2C5-4873-8BF8-0A3CE88A2029}
	EndGlobalSection
EndGlobal
